
Microsoft Visual Studio Solution File, Format Version 12.00
# Visual Studio Version 17
VisualStudioVersion = 17.0.31903.59
MinimumVisualStudioVersion = 10.0.40219.1
Project("{2150E333-8FDC-42A3-9474-1A3956D46DE8}") = "Server", "Server", "{DAD03CFC-D5FA-AC94-41C7-9ABAB326F09E}"
EndProject
Project("{FAE04EC0-301F-11D3-BF4B-00C04F79EFBC}") = "Entities", "Server\Entities\Entities.csproj", "{DC25757B-C682-4941-9286-E3B6E5E4E902}"
EndProject
Project("{FAE04EC0-301F-11D3-BF4B-00C04F79EFBC}") = "RepositoryContracts", "Server\RepositoryContracts\RepositoryContracts.csproj", "{6E2FCDE0-3A80-4C1F-BAB7-02A831B56E21}"
EndProject
Project("{FAE04EC0-301F-11D3-BF4B-00C04F79EFBC}") = "CLI", "Server\CLI\CLI.csproj", "{C14BF1E5-D383-4D8C-B18B-9B2099986E08}"
EndProject
Project("{FAE04EC0-301F-11D3-BF4B-00C04F79EFBC}") = "FileRepositories", "Server\FileRepositories\FileRepositories.csproj", "{FF915F6B-4926-4714-9D90-B90C91366D7C}"
EndProject
Project("{2150E333-8FDC-42A3-9474-1A3956D46DE8}") = "Shared", "Shared", "{4F52FD11-658E-A102-6CD3-7D7C16FFA15B}"
EndProject
Project("{FAE04EC0-301F-11D3-BF4B-00C04F79EFBC}") = "ApiContracts", "Shared\ApiContracts\ApiContracts.csproj", "{883E4122-7BAB-4B72-A119-301AE3522D21}"
EndProject
Project("{FAE04EC0-301F-11D3-BF4B-00C04F79EFBC}") = "WebApi", "Server\WebApi\WebApi.csproj", "{7DBABB48-955C-4810-BC7B-6F3FC012E6FC}"
EndProject
Project("{2150E333-8FDC-42A3-9474-1A3956D46DE8}") = "Client", "Client", "{2CB42F12-E813-91B3-7D11-3220E40BEF4A}"
EndProject
Project("{FAE04EC0-301F-11D3-BF4B-00C04F79EFBC}") = "BlazorApp", "Client\BlazorApp\BlazorApp.csproj", "{C0EDEBE1-01E5-4F2C-A943-D40C5AFCA9E7}"
EndProject
Project("{FAE04EC0-301F-11D3-BF4B-00C04F79EFBC}") = "EfcRepositories", "Server\EfcRepositories\EfcRepositories.csproj", "{908DEE44-11E4-431A-947F-1E2A3914A0DE}"
EndProject
Global
	GlobalSection(SolutionConfigurationPlatforms) = preSolution
		Debug|Any CPU = Debug|Any CPU
		Debug|x64 = Debug|x64
		Debug|x86 = Debug|x86
		Release|Any CPU = Release|Any CPU
		Release|x64 = Release|x64
		Release|x86 = Release|x86
	EndGlobalSection
	GlobalSection(ProjectConfigurationPlatforms) = postSolution
		{DC25757B-C682-4941-9286-E3B6E5E4E902}.Debug|Any CPU.ActiveCfg = Debug|Any CPU
		{DC25757B-C682-4941-9286-E3B6E5E4E902}.Debug|Any CPU.Build.0 = Debug|Any CPU
		{DC25757B-C682-4941-9286-E3B6E5E4E902}.Debug|x64.ActiveCfg = Debug|Any CPU
		{DC25757B-C682-4941-9286-E3B6E5E4E902}.Debug|x64.Build.0 = Debug|Any CPU
		{DC25757B-C682-4941-9286-E3B6E5E4E902}.Debug|x86.ActiveCfg = Debug|Any CPU
		{DC25757B-C682-4941-9286-E3B6E5E4E902}.Debug|x86.Build.0 = Debug|Any CPU
		{DC25757B-C682-4941-9286-E3B6E5E4E902}.Release|Any CPU.ActiveCfg = Release|Any CPU
		{DC25757B-C682-4941-9286-E3B6E5E4E902}.Release|Any CPU.Build.0 = Release|Any CPU
		{DC25757B-C682-4941-9286-E3B6E5E4E902}.Release|x64.ActiveCfg = Release|Any CPU
		{DC25757B-C682-4941-9286-E3B6E5E4E902}.Release|x64.Build.0 = Release|Any CPU
		{DC25757B-C682-4941-9286-E3B6E5E4E902}.Release|x86.ActiveCfg = Release|Any CPU
		{DC25757B-C682-4941-9286-E3B6E5E4E902}.Release|x86.Build.0 = Release|Any CPU
		{6E2FCDE0-3A80-4C1F-BAB7-02A831B56E21}.Debug|Any CPU.ActiveCfg = Debug|Any CPU
		{6E2FCDE0-3A80-4C1F-BAB7-02A831B56E21}.Debug|Any CPU.Build.0 = Debug|Any CPU
		{6E2FCDE0-3A80-4C1F-BAB7-02A831B56E21}.Debug|x64.ActiveCfg = Debug|Any CPU
		{6E2FCDE0-3A80-4C1F-BAB7-02A831B56E21}.Debug|x64.Build.0 = Debug|Any CPU
		{6E2FCDE0-3A80-4C1F-BAB7-02A831B56E21}.Debug|x86.ActiveCfg = Debug|Any CPU
		{6E2FCDE0-3A80-4C1F-BAB7-02A831B56E21}.Debug|x86.Build.0 = Debug|Any CPU
		{6E2FCDE0-3A80-4C1F-BAB7-02A831B56E21}.Release|Any CPU.ActiveCfg = Release|Any CPU
		{6E2FCDE0-3A80-4C1F-BAB7-02A831B56E21}.Release|Any CPU.Build.0 = Release|Any CPU
		{6E2FCDE0-3A80-4C1F-BAB7-02A831B56E21}.Release|x64.ActiveCfg = Release|Any CPU
		{6E2FCDE0-3A80-4C1F-BAB7-02A831B56E21}.Release|x64.Build.0 = Release|Any CPU
		{6E2FCDE0-3A80-4C1F-BAB7-02A831B56E21}.Release|x86.ActiveCfg = Release|Any CPU
		{6E2FCDE0-3A80-4C1F-BAB7-02A831B56E21}.Release|x86.Build.0 = Release|Any CPU
		{C14BF1E5-D383-4D8C-B18B-9B2099986E08}.Debug|Any CPU.ActiveCfg = Debug|Any CPU
		{C14BF1E5-D383-4D8C-B18B-9B2099986E08}.Debug|Any CPU.Build.0 = Debug|Any CPU
		{C14BF1E5-D383-4D8C-B18B-9B2099986E08}.Debug|x64.ActiveCfg = Debug|Any CPU
		{C14BF1E5-D383-4D8C-B18B-9B2099986E08}.Debug|x64.Build.0 = Debug|Any CPU
		{C14BF1E5-D383-4D8C-B18B-9B2099986E08}.Debug|x86.ActiveCfg = Debug|Any CPU
		{C14BF1E5-D383-4D8C-B18B-9B2099986E08}.Debug|x86.Build.0 = Debug|Any CPU
		{C14BF1E5-D383-4D8C-B18B-9B2099986E08}.Release|Any CPU.ActiveCfg = Release|Any CPU
		{C14BF1E5-D383-4D8C-B18B-9B2099986E08}.Release|Any CPU.Build.0 = Release|Any CPU
		{C14BF1E5-D383-4D8C-B18B-9B2099986E08}.Release|x64.ActiveCfg = Release|Any CPU
		{C14BF1E5-D383-4D8C-B18B-9B2099986E08}.Release|x64.Build.0 = Release|Any CPU
		{C14BF1E5-D383-4D8C-B18B-9B2099986E08}.Release|x86.ActiveCfg = Release|Any CPU
		{C14BF1E5-D383-4D8C-B18B-9B2099986E08}.Release|x86.Build.0 = Release|Any CPU
		{FF915F6B-4926-4714-9D90-B90C91366D7C}.Debug|Any CPU.ActiveCfg = Debug|Any CPU
		{FF915F6B-4926-4714-9D90-B90C91366D7C}.Debug|Any CPU.Build.0 = Debug|Any CPU
		{FF915F6B-4926-4714-9D90-B90C91366D7C}.Debug|x64.ActiveCfg = Debug|Any CPU
		{FF915F6B-4926-4714-9D90-B90C91366D7C}.Debug|x64.Build.0 = Debug|Any CPU
		{FF915F6B-4926-4714-9D90-B90C91366D7C}.Debug|x86.ActiveCfg = Debug|Any CPU
		{FF915F6B-4926-4714-9D90-B90C91366D7C}.Debug|x86.Build.0 = Debug|Any CPU
		{FF915F6B-4926-4714-9D90-B90C91366D7C}.Release|Any CPU.ActiveCfg = Release|Any CPU
		{FF915F6B-4926-4714-9D90-B90C91366D7C}.Release|Any CPU.Build.0 = Release|Any CPU
		{FF915F6B-4926-4714-9D90-B90C91366D7C}.Release|x64.ActiveCfg = Release|Any CPU
		{FF915F6B-4926-4714-9D90-B90C91366D7C}.Release|x64.Build.0 = Release|Any CPU
		{FF915F6B-4926-4714-9D90-B90C91366D7C}.Release|x86.ActiveCfg = Release|Any CPU
		{FF915F6B-4926-4714-9D90-B90C91366D7C}.Release|x86.Build.0 = Release|Any CPU
		{883E4122-7BAB-4B72-A119-301AE3522D21}.Debug|Any CPU.ActiveCfg = Debug|Any CPU
		{883E4122-7BAB-4B72-A119-301AE3522D21}.Debug|Any CPU.Build.0 = Debug|Any CPU
		{883E4122-7BAB-4B72-A119-301AE3522D21}.Debug|x64.ActiveCfg = Debug|Any CPU
		{883E4122-7BAB-4B72-A119-301AE3522D21}.Debug|x64.Build.0 = Debug|Any CPU
		{883E4122-7BAB-4B72-A119-301AE3522D21}.Debug|x86.ActiveCfg = Debug|Any CPU
		{883E4122-7BAB-4B72-A119-301AE3522D21}.Debug|x86.Build.0 = Debug|Any CPU
		{883E4122-7BAB-4B72-A119-301AE3522D21}.Release|Any CPU.ActiveCfg = Release|Any CPU
		{883E4122-7BAB-4B72-A119-301AE3522D21}.Release|Any CPU.Build.0 = Release|Any CPU
		{883E4122-7BAB-4B72-A119-301AE3522D21}.Release|x64.ActiveCfg = Release|Any CPU
		{883E4122-7BAB-4B72-A119-301AE3522D21}.Release|x64.Build.0 = Release|Any CPU
		{883E4122-7BAB-4B72-A119-301AE3522D21}.Release|x86.ActiveCfg = Release|Any CPU
		{883E4122-7BAB-4B72-A119-301AE3522D21}.Release|x86.Build.0 = Release|Any CPU
		{7DBABB48-955C-4810-BC7B-6F3FC012E6FC}.Debug|Any CPU.ActiveCfg = Debug|Any CPU
		{7DBABB48-955C-4810-BC7B-6F3FC012E6FC}.Debug|Any CPU.Build.0 = Debug|Any CPU
		{7DBABB48-955C-4810-BC7B-6F3FC012E6FC}.Debug|x64.ActiveCfg = Debug|Any CPU
		{7DBABB48-955C-4810-BC7B-6F3FC012E6FC}.Debug|x64.Build.0 = Debug|Any CPU
		{7DBABB48-955C-4810-BC7B-6F3FC012E6FC}.Debug|x86.ActiveCfg = Debug|Any CPU
		{7DBABB48-955C-4810-BC7B-6F3FC012E6FC}.Debug|x86.Build.0 = Debug|Any CPU
		{7DBABB48-955C-4810-BC7B-6F3FC012E6FC}.Release|Any CPU.ActiveCfg = Release|Any CPU
		{7DBABB48-955C-4810-BC7B-6F3FC012E6FC}.Release|Any CPU.Build.0 = Release|Any CPU
		{7DBABB48-955C-4810-BC7B-6F3FC012E6FC}.Release|x64.ActiveCfg = Release|Any CPU
		{7DBABB48-955C-4810-BC7B-6F3FC012E6FC}.Release|x64.Build.0 = Release|Any CPU
		{7DBABB48-955C-4810-BC7B-6F3FC012E6FC}.Release|x86.ActiveCfg = Release|Any CPU
		{7DBABB48-955C-4810-BC7B-6F3FC012E6FC}.Release|x86.Build.0 = Release|Any CPU
		{C0EDEBE1-01E5-4F2C-A943-D40C5AFCA9E7}.Debug|Any CPU.ActiveCfg = Debug|Any CPU
		{C0EDEBE1-01E5-4F2C-A943-D40C5AFCA9E7}.Debug|Any CPU.Build.0 = Debug|Any CPU
		{C0EDEBE1-01E5-4F2C-A943-D40C5AFCA9E7}.Debug|x64.ActiveCfg = Debug|Any CPU
		{C0EDEBE1-01E5-4F2C-A943-D40C5AFCA9E7}.Debug|x64.Build.0 = Debug|Any CPU
		{C0EDEBE1-01E5-4F2C-A943-D40C5AFCA9E7}.Debug|x86.ActiveCfg = Debug|Any CPU
		{C0EDEBE1-01E5-4F2C-A943-D40C5AFCA9E7}.Debug|x86.Build.0 = Debug|Any CPU
		{C0EDEBE1-01E5-4F2C-A943-D40C5AFCA9E7}.Release|Any CPU.ActiveCfg = Release|Any CPU
		{C0EDEBE1-01E5-4F2C-A943-D40C5AFCA9E7}.Release|Any CPU.Build.0 = Release|Any CPU
		{C0EDEBE1-01E5-4F2C-A943-D40C5AFCA9E7}.Release|x64.ActiveCfg = Release|Any CPU
		{C0EDEBE1-01E5-4F2C-A943-D40C5AFCA9E7}.Release|x64.Build.0 = Release|Any CPU
		{C0EDEBE1-01E5-4F2C-A943-D40C5AFCA9E7}.Release|x86.ActiveCfg = Release|Any CPU
		{C0EDEBE1-01E5-4F2C-A943-D40C5AFCA9E7}.Release|x86.Build.0 = Release|Any CPU
		{908DEE44-11E4-431A-947F-1E2A3914A0DE}.Debug|Any CPU.ActiveCfg = Debug|Any CPU
		{908DEE44-11E4-431A-947F-1E2A3914A0DE}.Debug|Any CPU.Build.0 = Debug|Any CPU
		{908DEE44-11E4-431A-947F-1E2A3914A0DE}.Debug|x64.ActiveCfg = Debug|Any CPU
		{908DEE44-11E4-431A-947F-1E2A3914A0DE}.Debug|x64.Build.0 = Debug|Any CPU
		{908DEE44-11E4-431A-947F-1E2A3914A0DE}.Debug|x86.ActiveCfg = Debug|Any CPU
		{908DEE44-11E4-431A-947F-1E2A3914A0DE}.Debug|x86.Build.0 = Debug|Any CPU
		{908DEE44-11E4-431A-947F-1E2A3914A0DE}.Release|Any CPU.ActiveCfg = Release|Any CPU
		{908DEE44-11E4-431A-947F-1E2A3914A0DE}.Release|Any CPU.Build.0 = Release|Any CPU
		{908DEE44-11E4-431A-947F-1E2A3914A0DE}.Release|x64.ActiveCfg = Release|Any CPU
		{908DEE44-11E4-431A-947F-1E2A3914A0DE}.Release|x64.Build.0 = Release|Any CPU
		{908DEE44-11E4-431A-947F-1E2A3914A0DE}.Release|x86.ActiveCfg = Release|Any CPU
		{908DEE44-11E4-431A-947F-1E2A3914A0DE}.Release|x86.Build.0 = Release|Any CPU
	EndGlobalSection
	GlobalSection(SolutionProperties) = preSolution
		HideSolutionNode = FALSE
	EndGlobalSection
	GlobalSection(NestedProjects) = preSolution
		{DC25757B-C682-4941-9286-E3B6E5E4E902} = {DAD03CFC-D5FA-AC94-41C7-9ABAB326F09E}
		{6E2FCDE0-3A80-4C1F-BAB7-02A831B56E21} = {DAD03CFC-D5FA-AC94-41C7-9ABAB326F09E}
		{C14BF1E5-D383-4D8C-B18B-9B2099986E08} = {DAD03CFC-D5FA-AC94-41C7-9ABAB326F09E}
		{FF915F6B-4926-4714-9D90-B90C91366D7C} = {DAD03CFC-D5FA-AC94-41C7-9ABAB326F09E}
		{883E4122-7BAB-4B72-A119-301AE3522D21} = {4F52FD11-658E-A102-6CD3-7D7C16FFA15B}
		{7DBABB48-955C-4810-BC7B-6F3FC012E6FC} = {DAD03CFC-D5FA-AC94-41C7-9ABAB326F09E}
		{C0EDEBE1-01E5-4F2C-A943-D40C5AFCA9E7} = {2CB42F12-E813-91B3-7D11-3220E40BEF4A}
		{908DEE44-11E4-431A-947F-1E2A3914A0DE} = {DAD03CFC-D5FA-AC94-41C7-9ABAB326F09E}
	EndGlobalSection
EndGlobal
